
Microsoft Visual Studio Solution File, Format Version 12.00
# Visual Studio Version 17
VisualStudioVersion = 17.5.33516.290
MinimumVisualStudioVersion = 10.0.40219.1
Project("{9A19103F-16F7-4668-BE54-9A1E7A4F7556}") = "MaterialsManagement.API", "MaterialsManagement.API\MaterialsManagement.API.csproj", "{C872CFDC-D192-4B83-AABD-49AE1AB96939}"
EndProject
Project("{9A19103F-16F7-4668-BE54-9A1E7A4F7556}") = "MaterialsManagement.BLL", "MaterialsManagement.BLL\MaterialsManagement.BLL.csproj", "{C76DA05D-BFEB-4A2F-AA92-BF869D0112DE}"
EndProject
Project("{9A19103F-16F7-4668-BE54-9A1E7A4F7556}") = "MaterialsManagement.DAL", "MaterialsManagement.DAL\MaterialsManagement.DAL.csproj", "{1A1B0A75-2165-47AD-BEF6-865BDE0F0D18}"
EndProject
Project("{9A19103F-16F7-4668-BE54-9A1E7A4F7556}") = "MaterialsManagement.Model", "MaterialsManagement.Model\MaterialsManagement.Model.csproj", "{F8F734CC-D7AD-44BE-B907-A9C34004EBEE}"
EndProject
Project("{E53339B2-1760-4266-BCC7-CA923CBCF16C}") = "docker-compose", "docker-compose.dcproj", "{98A97AAF-F95B-4CDA-B1C9-C5B80726C587}"
EndProject
Global
	GlobalSection(SolutionConfigurationPlatforms) = preSolution
		Debug|Any CPU = Debug|Any CPU
		Release|Any CPU = Release|Any CPU
	EndGlobalSection
	GlobalSection(ProjectConfigurationPlatforms) = postSolution
		{C872CFDC-D192-4B83-AABD-49AE1AB96939}.Debug|Any CPU.ActiveCfg = Debug|Any CPU
		{C872CFDC-D192-4B83-AABD-49AE1AB96939}.Debug|Any CPU.Build.0 = Debug|Any CPU
		{C872CFDC-D192-4B83-AABD-49AE1AB96939}.Release|Any CPU.ActiveCfg = Release|Any CPU
		{C872CFDC-D192-4B83-AABD-49AE1AB96939}.Release|Any CPU.Build.0 = Release|Any CPU
		{C76DA05D-BFEB-4A2F-AA92-BF869D0112DE}.Debug|Any CPU.ActiveCfg = Debug|Any CPU
		{C76DA05D-BFEB-4A2F-AA92-BF869D0112DE}.Debug|Any CPU.Build.0 = Debug|Any CPU
		{C76DA05D-BFEB-4A2F-AA92-BF869D0112DE}.Release|Any CPU.ActiveCfg = Release|Any CPU
		{C76DA05D-BFEB-4A2F-AA92-BF869D0112DE}.Release|Any CPU.Build.0 = Release|Any CPU
		{1A1B0A75-2165-47AD-BEF6-865BDE0F0D18}.Debug|Any CPU.ActiveCfg = Debug|Any CPU
		{1A1B0A75-2165-47AD-BEF6-865BDE0F0D18}.Debug|Any CPU.Build.0 = Debug|Any CPU
		{1A1B0A75-2165-47AD-BEF6-865BDE0F0D18}.Release|Any CPU.ActiveCfg = Release|Any CPU
		{1A1B0A75-2165-47AD-BEF6-865BDE0F0D18}.Release|Any CPU.Build.0 = Release|Any CPU
		{F8F734CC-D7AD-44BE-B907-A9C34004EBEE}.Debug|Any CPU.ActiveCfg = Debug|Any CPU
		{F8F734CC-D7AD-44BE-B907-A9C34004EBEE}.Debug|Any CPU.Build.0 = Debug|Any CPU
		{F8F734CC-D7AD-44BE-B907-A9C34004EBEE}.Release|Any CPU.ActiveCfg = Release|Any CPU
		{F8F734CC-D7AD-44BE-B907-A9C34004EBEE}.Release|Any CPU.Build.0 = Release|Any CPU
		{98A97AAF-F95B-4CDA-B1C9-C5B80726C587}.Debug|Any CPU.ActiveCfg = Debug|Any CPU
		{98A97AAF-F95B-4CDA-B1C9-C5B80726C587}.Debug|Any CPU.Build.0 = Debug|Any CPU
		{98A97AAF-F95B-4CDA-B1C9-C5B80726C587}.Release|Any CPU.ActiveCfg = Release|Any CPU
		{98A97AAF-F95B-4CDA-B1C9-C5B80726C587}.Release|Any CPU.Build.0 = Release|Any CPU
	EndGlobalSection
	GlobalSection(SolutionProperties) = preSolution
		HideSolutionNode = FALSE
	EndGlobalSection
	GlobalSection(ExtensibilityGlobals) = postSolution
		SolutionGuid = {91EAB096-F500-4555-9DA8-D6B217AF70D3}
	EndGlobalSection
EndGlobal
